
Microsoft Visual Studio Solution File, Format Version 12.00
# Visual Studio Version 17
VisualStudioVersion = 17.9.34701.34
MinimumVisualStudioVersion = 10.0.40219.1
Project("{FAE04EC0-301F-11D3-BF4B-00C04F79EFBC}") = "TMA_Warehouse.Server", "TMA_Warehouse\Server\TMA_Warehouse.Server.csproj", "{7AF4F319-EA63-4521-A045-5E7AE1280B66}"
EndProject
Project("{FAE04EC0-301F-11D3-BF4B-00C04F79EFBC}") = "TMA_Warehouse.Client", "TMA_Warehouse\Client\TMA_Warehouse.Client.csproj", "{0670AD41-949B-4632-B307-389CBE1283DF}"
EndProject
Project("{FAE04EC0-301F-11D3-BF4B-00C04F79EFBC}") = "TMA_Warehouse.Shared", "TMA_Warehouse\Shared\TMA_Warehouse.Shared.csproj", "{46169B8A-F761-4D6D-8359-9450893BCE2C}"
EndProject
Global
	GlobalSection(SolutionConfigurationPlatforms) = preSolution
		Debug|Any CPU = Debug|Any CPU
		Release|Any CPU = Release|Any CPU
	EndGlobalSection
	GlobalSection(ProjectConfigurationPlatforms) = postSolution
		{7AF4F319-EA63-4521-A045-5E7AE1280B66}.Debug|Any CPU.ActiveCfg = Debug|Any CPU
		{7AF4F319-EA63-4521-A045-5E7AE1280B66}.Debug|Any CPU.Build.0 = Debug|Any CPU
		{7AF4F319-EA63-4521-A045-5E7AE1280B66}.Release|Any CPU.ActiveCfg = Release|Any CPU
		{7AF4F319-EA63-4521-A045-5E7AE1280B66}.Release|Any CPU.Build.0 = Release|Any CPU
		{0670AD41-949B-4632-B307-389CBE1283DF}.Debug|Any CPU.ActiveCfg = Debug|Any CPU
		{0670AD41-949B-4632-B307-389CBE1283DF}.Debug|Any CPU.Build.0 = Debug|Any CPU
		{0670AD41-949B-4632-B307-389CBE1283DF}.Release|Any CPU.ActiveCfg = Release|Any CPU
		{0670AD41-949B-4632-B307-389CBE1283DF}.Release|Any CPU.Build.0 = Release|Any CPU
		{46169B8A-F761-4D6D-8359-9450893BCE2C}.Debug|Any CPU.ActiveCfg = Debug|Any CPU
		{46169B8A-F761-4D6D-8359-9450893BCE2C}.Debug|Any CPU.Build.0 = Debug|Any CPU
		{46169B8A-F761-4D6D-8359-9450893BCE2C}.Release|Any CPU.ActiveCfg = Release|Any CPU
		{46169B8A-F761-4D6D-8359-9450893BCE2C}.Release|Any CPU.Build.0 = Release|Any CPU
	EndGlobalSection
	GlobalSection(SolutionProperties) = preSolution
		HideSolutionNode = FALSE
	EndGlobalSection
	GlobalSection(ExtensibilityGlobals) = postSolution
		SolutionGuid = {116672B9-8CF8-4866-9800-B58FC51BFC68}
	EndGlobalSection
EndGlobal
